
Microsoft Visual Studio Solution File, Format Version 12.00
# Visual Studio Version 16
VisualStudioVersion = 16.0.30114.105
MinimumVisualStudioVersion = 10.0.40219.1
Project("{9A19103F-16F7-4668-BE54-9A1E7A4F7556}") = "Affordit_Automation", "Affordit_Automation.csproj", "{35EDCD1A-D75E-4F28-904A-A4A5AE3CF53E}"
EndProject
Global
	GlobalSection(SolutionConfigurationPlatforms) = preSolution
		Debug|Any CPU = Debug|Any CPU
		Release|Any CPU = Release|Any CPU
	EndGlobalSection
	GlobalSection(ProjectConfigurationPlatforms) = postSolution
		{35EDCD1A-D75E-4F28-904A-A4A5AE3CF53E}.Debug|Any CPU.ActiveCfg = Debug|Any CPU
		{35EDCD1A-D75E-4F28-904A-A4A5AE3CF53E}.Debug|Any CPU.Build.0 = Debug|Any CPU
		{35EDCD1A-D75E-4F28-904A-A4A5AE3CF53E}.Release|Any CPU.ActiveCfg = Release|Any CPU
		{35EDCD1A-D75E-4F28-904A-A4A5AE3CF53E}.Release|Any CPU.Build.0 = Release|Any CPU
	EndGlobalSection
	GlobalSection(SolutionProperties) = preSolution
		HideSolutionNode = FALSE
	EndGlobalSection
	GlobalSection(ExtensibilityGlobals) = postSolution
		SolutionGuid = {0850D3BA-8C8E-40B6-A7BB-2988741B6F58}
	EndGlobalSection
EndGlobal
